// !$*UTF8*$!
{
	archiveVersion = 1;
	classes = {
	};
	objectVersion = 46;
	objects = {

/* Begin PBXBuildFile section */
		574E8C5D1BA489B3007CD2D6 /* icon.passive.png in Resources */ = {isa = PBXBuildFile; fileRef = 574E8C5C1BA489B3007CD2D6 /* icon.passive.png */; };
		57AD655C1BA47AE5005E545F /* AppDelegate.swift in Sources */ = {isa = PBXBuildFile; fileRef = 57AD655B1BA47AE5005E545F /* AppDelegate.swift */; };
		57AD655E1BA47AE5005E545F /* Images.xcassets in Resources */ = {isa = PBXBuildFile; fileRef = 57AD655D1BA47AE5005E545F /* Images.xcassets */; };
		57AD65611BA47AE5005E545F /* MainMenu.xib in Resources */ = {isa = PBXBuildFile; fileRef = 57AD655F1BA47AE5005E545F /* MainMenu.xib */; };
		57AD656D1BA47AE5005E545F /* monitorTests.swift in Sources */ = {isa = PBXBuildFile; fileRef = 57AD656C1BA47AE5005E545F /* monitorTests.swift */; };
/* End PBXBuildFile section */

/* Begin PBXContainerItemProxy section */
		57AD65671BA47AE5005E545F /* PBXContainerItemProxy */ = {
			isa = PBXContainerItemProxy;
			containerPortal = 57AD654E1BA47AE5005E545F /* Project object */;
			proxyType = 1;
			remoteGlobalIDString = 57AD65551BA47AE5005E545F;
			remoteInfo = monitor;
		};
/* End PBXContainerItemProxy section */

/* Begin PBXFileReference section */
		574E8C5C1BA489B3007CD2D6 /* icon.passive.png */ = {isa = PBXFileReference; lastKnownFileType = image.png; path = icon.passive.png; sourceTree = "<group>"; };
		57AD65561BA47AE5005E545F /* monitor.app */ = {isa = PBXFileReference; explicitFileType = wrapper.application; includeInIndex = 0; path = monitor.app; sourceTree = BUILT_PRODUCTS_DIR; };
		57AD655A1BA47AE5005E545F /* Info.plist */ = {isa = PBXFileReference; lastKnownFileType = text.plist.xml; path = Info.plist; sourceTree = "<group>"; };
		57AD655B1BA47AE5005E545F /* AppDelegate.swift */ = {isa = PBXFileReference; lastKnownFileType = sourcecode.swift; path = AppDelegate.swift; sourceTree = "<group>"; };
		57AD655D1BA47AE5005E545F /* Images.xcassets */ = {isa = PBXFileReference; lastKnownFileType = folder.assetcatalog; path = Images.xcassets; sourceTree = "<group>"; };
		57AD65601BA47AE5005E545F /* Base */ = {isa = PBXFileReference; lastKnownFileType = file.xib; name = Base; path = Base.lproj/MainMenu.xib; sourceTree = "<group>"; };
		57AD65661BA47AE5005E545F /* monitorTests.xctest */ = {isa = PBXFileReference; explicitFileType = wrapper.cfbundle; includeInIndex = 0; path = monitorTests.xctest; sourceTree = BUILT_PRODUCTS_DIR; };
		57AD656B1BA47AE5005E545F /* Info.plist */ = {isa = PBXFileReference; lastKnownFileType = text.plist.xml; path = Info.plist; sourceTree = "<group>"; };
		57AD656C1BA47AE5005E545F /* monitorTests.swift */ = {isa = PBXFileReference; lastKnownFileType = sourcecode.swift; path = monitorTests.swift; sourceTree = "<group>"; };
/* End PBXFileReference section */

/* Begin PBXFrameworksBuildPhase section */
		57AD65531BA47AE5005E545F /* Frameworks */ = {
			isa = PBXFrameworksBuildPhase;
			buildActionMask = 2147483647;
			files = (
			);
			runOnlyForDeploymentPostprocessing = 0;
		};
		57AD65631BA47AE5005E545F /* Frameworks */ = {
			isa = PBXFrameworksBuildPhase;
			buildActionMask = 2147483647;
			files = (
			);
			runOnlyForDeploymentPostprocessing = 0;
		};
/* End PBXFrameworksBuildPhase section */

/* Begin PBXGroup section */
		57AD654D1BA47AE5005E545F = {
			isa = PBXGroup;
			children = (
				57AD65581BA47AE5005E545F /* monitor */,
				57AD65691BA47AE5005E545F /* monitorTests */,
				57AD65571BA47AE5005E545F /* Products */,
			);
			sourceTree = "<group>";
		};
		57AD65571BA47AE5005E545F /* Products */ = {
			isa = PBXGroup;
			children = (
				57AD65561BA47AE5005E545F /* monitor.app */,
				57AD65661BA47AE5005E545F /* monitorTests.xctest */,
			);
			name = Products;
			sourceTree = "<group>";
		};
		57AD65581BA47AE5005E545F /* monitor */ = {
			isa = PBXGroup;
			children = (
				574E8C5C1BA489B3007CD2D6 /* icon.passive.png */,
				57AD655B1BA47AE5005E545F /* AppDelegate.swift */,
				57AD655D1BA47AE5005E545F /* Images.xcassets */,
				57AD655F1BA47AE5005E545F /* MainMenu.xib */,
				57AD655A1BA47AE5005E545F /* Info.plist */,
				57AD65591BA47AE5005E545F /* Supporting Files */,
			);
			path = monitor;
			sourceTree = "<group>";
		};
		57AD65591BA47AE5005E545F /* Supporting Files */ = {
			isa = PBXGroup;
			children = (
			);
			name = "Supporting Files";
			sourceTree = "<group>";
		};
		57AD65691BA47AE5005E545F /* monitorTests */ = {
			isa = PBXGroup;
			children = (
				57AD656C1BA47AE5005E545F /* monitorTests.swift */,
				57AD656A1BA47AE5005E545F /* Supporting Files */,
			);
			path = monitorTests;
			sourceTree = "<group>";
		};
		57AD656A1BA47AE5005E545F /* Supporting Files */ = {
			isa = PBXGroup;
			children = (
				57AD656B1BA47AE5005E545F /* Info.plist */,
			);
			name = "Supporting Files";
			sourceTree = "<group>";
		};
/* End PBXGroup section */

/* Begin PBXNativeTarget section */
		57AD65551BA47AE5005E545F /* monitor */ = {
			isa = PBXNativeTarget;
			buildConfigurationList = 57AD65701BA47AE5005E545F /* Build configuration list for PBXNativeTarget "monitor" */;
			buildPhases = (
				57AD65521BA47AE5005E545F /* Sources */,
				57AD65531BA47AE5005E545F /* Frameworks */,
				57AD65541BA47AE5005E545F /* Resources */,
			);
			buildRules = (
			);
			dependencies = (
			);
			name = monitor;
			productName = monitor;
			productReference = 57AD65561BA47AE5005E545F /* monitor.app */;
			productType = "com.apple.product-type.application";
		};
		57AD65651BA47AE5005E545F /* monitorTests */ = {
			isa = PBXNativeTarget;
			buildConfigurationList = 57AD65731BA47AE5005E545F /* Build configuration list for PBXNativeTarget "monitorTests" */;
			buildPhases = (
				57AD65621BA47AE5005E545F /* Sources */,
				57AD65631BA47AE5005E545F /* Frameworks */,
				57AD65641BA47AE5005E545F /* Resources */,
			);
			buildRules = (
			);
			dependencies = (
				57AD65681BA47AE5005E545F /* PBXTargetDependency */,
			);
			name = monitorTests;
			productName = monitorTests;
			productReference = 57AD65661BA47AE5005E545F /* monitorTests.xctest */;
			productType = "com.apple.product-type.bundle.unit-test";
		};
/* End PBXNativeTarget section */

/* Begin PBXProject section */
		57AD654E1BA47AE5005E545F /* Project object */ = {
			isa = PBXProject;
			attributes = {
				LastSwiftUpdateCheck = 0700;
				LastUpgradeCheck = 0700;
				ORGANIZATIONNAME = "Devine Lu Linvega";
				TargetAttributes = {
					57AD65551BA47AE5005E545F = {
						CreatedOnToolsVersion = 6.4;
					};
					57AD65651BA47AE5005E545F = {
						CreatedOnToolsVersion = 6.4;
						TestTargetID = 57AD65551BA47AE5005E545F;
					};
				};
			};
			buildConfigurationList = 57AD65511BA47AE5005E545F /* Build configuration list for PBXProject "monitor" */;
			compatibilityVersion = "Xcode 3.2";
			developmentRegion = English;
			hasScannedForEncodings = 0;
			knownRegions = (
				en,
				Base,
			);
			mainGroup = 57AD654D1BA47AE5005E545F;
			productRefGroup = 57AD65571BA47AE5005E545F /* Products */;
			projectDirPath = "";
			projectRoot = "";
			targets = (
				57AD65551BA47AE5005E545F /* monitor */,
				57AD65651BA47AE5005E545F /* monitorTests */,
			);
		};
/* End PBXProject section */

/* Begin PBXResourcesBuildPhase section */
		57AD65541BA47AE5005E545F /* Resources */ = {
			isa = PBXResourcesBuildPhase;
			buildActionMask = 2147483647;
			files = (
				57AD655E1BA47AE5005E545F /* Images.xcassets in Resources */,
				57AD65611BA47AE5005E545F /* MainMenu.xib in Resources */,
				574E8C5D1BA489B3007CD2D6 /* icon.passive.png in Resources */,
			);
			runOnlyForDeploymentPostprocessing = 0;
		};
		57AD65641BA47AE5005E545F /* Resources */ = {
			isa = PBXResourcesBuildPhase;
			buildActionMask = 2147483647;
			files = (
			);
			runOnlyForDeploymentPostprocessing = 0;
		};
/* End PBXResourcesBuildPhase section */

/* Begin PBXSourcesBuildPhase section */
		57AD65521BA47AE5005E545F /* Sources */ = {
			isa = PBXSourcesBuildPhase;
			buildActionMask = 2147483647;
			files = (
				57AD655C1BA47AE5005E545F /* AppDelegate.swift in Sources */,
			);
			runOnlyForDeploymentPostprocessing = 0;
		};
		57AD65621BA47AE5005E545F /* Sources */ = {
			isa = PBXSourcesBuildPhase;
			buildActionMask = 2147483647;
			files = (
				57AD656D1BA47AE5005E545F /* monitorTests.swift in Sources */,
			);
			runOnlyForDeploymentPostprocessing = 0;
		};
/* End PBXSourcesBuildPhase section */

/* Begin PBXTargetDependency section */
		57AD65681BA47AE5005E545F /* PBXTargetDependency */ = {
			isa = PBXTargetDependency;
			target = 57AD65551BA47AE5005E545F /* monitor */;
			targetProxy = 57AD65671BA47AE5005E545F /* PBXContainerItemProxy */;
		};
/* End PBXTargetDependency section */

/* Begin PBXVariantGroup section */
		57AD655F1BA47AE5005E545F /* MainMenu.xib */ = {
			isa = PBXVariantGroup;
			children = (
				57AD65601BA47AE5005E545F /* Base */,
			);
			name = MainMenu.xib;
			sourceTree = "<group>";
		};
/* End PBXVariantGroup section */

/* Begin XCBuildConfiguration section */
		57AD656E1BA47AE5005E545F /* Debug */ = {
			isa = XCBuildConfiguration;
			buildSettings = {
				ALWAYS_SEARCH_USER_PATHS = NO;
				CLANG_CXX_LANGUAGE_STANDARD = "gnu++0x";
				CLANG_CXX_LIBRARY = "libc++";
				CLANG_ENABLE_MODULES = YES;
				CLANG_ENABLE_OBJC_ARC = YES;
				CLANG_WARN_BOOL_CONVERSION = YES;
				CLANG_WARN_CONSTANT_CONVERSION = YES;
				CLANG_WARN_DIRECT_OBJC_ISA_USAGE = YES_ERROR;
				CLANG_WARN_EMPTY_BODY = YES;
				CLANG_WARN_ENUM_CONVERSION = YES;
				CLANG_WARN_INT_CONVERSION = YES;
				CLANG_WARN_OBJC_ROOT_CLASS = YES_ERROR;
				CLANG_WARN_UNREACHABLE_CODE = YES;
				CLANG_WARN__DUPLICATE_METHOD_MATCH = YES;
				CODE_SIGN_IDENTITY = "-";
				COPY_PHASE_STRIP = NO;
				DEBUG_INFORMATION_FORMAT = dwarf;
				ENABLE_STRICT_OBJC_MSGSEND = YES;
				ENABLE_TESTABILITY = YES;
				GCC_C_LANGUAGE_STANDARD = gnu99;
				GCC_DYNAMIC_NO_PIC = NO;
				GCC_NO_COMMON_BLOCKS = YES;
				GCC_OPTIMIZATION_LEVEL = 0;
				GCC_PREPROCESSOR_DEFINITIONS = (
					"DEBUG=1",
					"$(inherited)",
				);
				GCC_SYMBOLS_PRIVATE_EXTERN = NO;
				GCC_WARN_64_TO_32_BIT_CONVERSION = YES;
				GCC_WARN_ABOUT_RETURN_TYPE = YES_ERROR;
				GCC_WARN_UNDECLARED_SELECTOR = YES;
				GCC_WARN_UNINITIALIZED_AUTOS = YES_AGGRESSIVE;
				GCC_WARN_UNUSED_FUNCTION = YES;
				GCC_WARN_UNUSED_VARIABLE = YES;
				MACOSX_DEPLOYMENT_TARGET = 10.11;
				MTL_ENABLE_DEBUG_INFO = YES;
				ONLY_ACTIVE_ARCH = YES;
				SDKROOT = macosx;
				SWIFT_OPTIMIZATION_LEVEL = "-Onone";
			};
			name = Debug;
		};
		57AD656F1BA47AE5005E545F /* Release */ = {
			isa = XCBuildConfiguration;
			buildSettings = {
				ALWAYS_SEARCH_USER_PATHS = NO;
				CLANG_CXX_LANGUAGE_STANDARD = "gnu++0x";
				CLANG_CXX_LIBRARY = "libc++";
				CLANG_ENABLE_MODULES = YES;
				CLANG_ENABLE_OBJC_ARC = YES;
				CLANG_WARN_BOOL_CONVERSION = YES;
				CLANG_WARN_CONSTANT_CONVERSION = YES;
				CLANG_WARN_DIRECT_OBJC_ISA_USAGE = YES_ERROR;
				CLANG_WARN_EMPTY_BODY = YES;
				CLANG_WARN_ENUM_CONVERSION = YES;
				CLANG_WARN_INT_CONVERSION = YES;
				CLANG_WARN_OBJC_ROOT_CLASS = YES_ERROR;
				CLANG_WARN_UNREACHABLE_CODE = YES;
				CLANG_WARN__DUPLICATE_METHOD_MATCH = YES;
				CODE_SIGN_IDENTITY = "-";
				COPY_PHASE_STRIP = NO;
				DEBUG_INFORMATION_FORMAT = "dwarf-with-dsym";
				ENABLE_NS_ASSERTIONS = NO;
				ENABLE_STRICT_OBJC_MSGSEND = YES;
				GCC_C_LANGUAGE_STANDARD = gnu99;
				GCC_NO_COMMON_BLOCKS = YES;
				GCC_WARN_64_TO_32_BIT_CONVERSION = YES;
				GCC_WARN_ABOUT_RETURN_TYPE = YES_ERROR;
				GCC_WARN_UNDECLARED_SELECTOR = YES;
				GCC_WARN_UNINITIALIZED_AUTOS = YES_AGGRESSIVE;
				GCC_WARN_UNUSED_FUNCTION = YES;
				GCC_WARN_UNUSED_VARIABLE = YES;
				MACOSX_DEPLOYMENT_TARGET = 10.11;
				MTL_ENABLE_DEBUG_INFO = NO;
				SDKROOT = macosx;
			};
			name = Release;
		};
		57AD65711BA47AE5005E545F /* Debug */ = {
			isa = XCBuildConfiguration;
			buildSettings = {
				ASSETCATALOG_COMPILER_APPICON_NAME = AppIcon;
				COMBINE_HIDPI_IMAGES = YES;
				INFOPLIST_FILE = monitor/Info.plist;
				LD_RUNPATH_SEARCH_PATHS = "$(inherited) @executable_path/../Frameworks";
				PRODUCT_BUNDLE_IDENTIFIER = "com.xxiivv.$(PRODUCT_NAME:rfc1034identifier)";
				PRODUCT_NAME = "$(TARGET_NAME)";
			};
			name = Debug;
		};
		57AD65721BA47AE5005E545F /* Release */ = {
			isa = XCBuildConfiguration;
			buildSettings = {
				ASSETCATALOG_COMPILER_APPICON_NAME = AppIcon;
				COMBINE_HIDPI_IMAGES = YES;
				INFOPLIST_FILE = monitor/Info.plist;
				LD_RUNPATH_SEARCH_PATHS = "$(inherited) @executable_path/../Frameworks";
				PRODUCT_BUNDLE_IDENTIFIER = "com.xxiivv.$(PRODUCT_NAME:rfc1034identifier)";
				PRODUCT_NAME = "$(TARGET_NAME)";
			};
			name = Release;
		};
		57AD65741BA47AE5005E545F /* Debug */ = {
			isa = XCBuildConfiguration;
			buildSettings = {
				BUNDLE_LOADER = "$(TEST_HOST)";
				COMBINE_HIDPI_IMAGES = YES;
				FRAMEWORK_SEARCH_PATHS = (
					"$(DEVELOPER_FRAMEWORKS_DIR)",
					"$(inherited)",
				);
				GCC_PREPROCESSOR_DEFINITIONS = (
					"DEBUG=1",
					"$(inherited)",
				);
				INFOPLIST_FILE = monitorTests/Info.plist;
				LD_RUNPATH_SEARCH_PATHS = "$(inherited) @executable_path/../Frameworks @loader_path/../Frameworks";
				PRODUCT_BUNDLE_IDENTIFIER = "com.xxiivv.$(PRODUCT_NAME:rfc1034identifier)";
				PRODUCT_NAME = "$(TARGET_NAME)";
				TEST_HOST = "$(BUILT_PRODUCTS_DIR)/monitor.app/Contents/MacOS/monitor";
			};
			name = Debug;
		};
		57AD65751BA47AE5005E545F /* Release */ = {
			isa = XCBuildConfiguration;
			buildSettings = {
				BUNDLE_LOADER = "$(TEST_HOST)";
				COMBINE_HIDPI_IMAGES = YES;
				FRAMEWORK_SEARCH_PATHS = (
					"$(DEVELOPER_FRAMEWORKS_DIR)",
					"$(inherited)",
				);
				INFOPLIST_FILE = monitorTests/Info.plist;
				LD_RUNPATH_SEARCH_PATHS = "$(inherited) @executable_path/../Frameworks @loader_path/../Frameworks";
				PRODUCT_BUNDLE_IDENTIFIER = "com.xxiivv.$(PRODUCT_NAME:rfc1034identifier)";
				PRODUCT_NAME = "$(TARGET_NAME)";
				TEST_HOST = "$(BUILT_PRODUCTS_DIR)/monitor.app/Contents/MacOS/monitor";
			};
			name = Release;
		};
/* End XCBuildConfiguration section */

/* Begin XCConfigurationList section */
		57AD65511BA47AE5005E545F /* Build configuration list for PBXProject "monitor" */ = {
			isa = XCConfigurationList;
			buildConfigurations = (
				57AD656E1BA47AE5005E545F /* Debug */,
				57AD656F1BA47AE5005E545F /* Release */,
			);
			defaultConfigurationIsVisible = 0;
			defaultConfigurationName = Release;
		};
		57AD65701BA47AE5005E545F /* Build configuration list for PBXNativeTarget "monitor" */ = {
			isa = XCConfigurationList;
			buildConfigurations = (
				57AD65711BA47AE5005E545F /* Debug */,
				57AD65721BA47AE5005E545F /* Release */,
			);
			defaultConfigurationIsVisible = 0;
			defaultConfigurationName = Release;
		};
		57AD65731BA47AE5005E545F /* Build configuration list for PBXNativeTarget "monitorTests" */ = {
			isa = XCConfigurationList;
			buildConfigurations = (
				57AD65741BA47AE5005E545F /* Debug */,
				57AD65751BA47AE5005E545F /* Release */,
			);
			defaultConfigurationIsVisible = 0;
			defaultConfigurationName = Release;
		};
/* End XCConfigurationList section */
	};
	rootObject = 57AD654E1BA47AE5005E545F /* Project object */;
}
